// !$*UTF8*$!
{
	archiveVersion = 1;
	classes = {
	};
	objectVersion = 46;
	objects = {

/* Begin PBXBuildFile section */
		258B029A1DD4F33C0083A01D /* AppDelegate.swift in Sources */ = {isa = PBXBuildFile; fileRef = 258B02991DD4F33C0083A01D /* AppDelegate.swift */; };
		258B029C1DD4F33C0083A01D /* ViewController.swift in Sources */ = {isa = PBXBuildFile; fileRef = 258B029B1DD4F33C0083A01D /* ViewController.swift */; };
		258B029F1DD4F33C0083A01D /* Main.storyboard in Resources */ = {isa = PBXBuildFile; fileRef = 258B029D1DD4F33C0083A01D /* Main.storyboard */; };
		258B02A11DD4F33C0083A01D /* Assets.xcassets in Resources */ = {isa = PBXBuildFile; fileRef = 258B02A01DD4F33C0083A01D /* Assets.xcassets */; };
		258B02A41DD4F33C0083A01D /* LaunchScreen.storyboard in Resources */ = {isa = PBXBuildFile; fileRef = 258B02A21DD4F33C0083A01D /* LaunchScreen.storyboard */; };
/* End PBXBuildFile section */

/* Begin PBXFileReference section */
		258B02961DD4F33C0083A01D /* how_many_fingers.app */ = {isa = PBXFileReference; explicitFileType = wrapper.application; includeInIndex = 0; path = how_many_fingers.app; sourceTree = BUILT_PRODUCTS_DIR; };
		258B02991DD4F33C0083A01D /* AppDelegate.swift */ = {isa = PBXFileReference; lastKnownFileType = sourcecode.swift; path = AppDelegate.swift; sourceTree = "<group>"; };
		258B029B1DD4F33C0083A01D /* ViewController.swift */ = {isa = PBXFileReference; lastKnownFileType = sourcecode.swift; path = ViewController.swift; sourceTree = "<group>"; };
		258B029E1DD4F33C0083A01D /* Base */ = {isa = PBXFileReference; lastKnownFileType = file.storyboard; name = Base; path = Base.lproj/Main.storyboard; sourceTree = "<group>"; };
		258B02A01DD4F33C0083A01D /* Assets.xcassets */ = {isa = PBXFileReference; lastKnownFileType = folder.assetcatalog; path = Assets.xcassets; sourceTree = "<group>"; };
		258B02A31DD4F33C0083A01D /* Base */ = {isa = PBXFileReference; lastKnownFileType = file.storyboard; name = Base; path = Base.lproj/LaunchScreen.storyboard; sourceTree = "<group>"; };
		258B02A51DD4F33C0083A01D /* Info.plist */ = {isa = PBXFileReference; lastKnownFileType = text.plist.xml; path = Info.plist; sourceTree = "<group>"; };
/* End PBXFileReference section */

/* Begin PBXFrameworksBuildPhase section */
		258B02931DD4F33C0083A01D /* Frameworks */ = {
			isa = PBXFrameworksBuildPhase;
			buildActionMask = 2147483647;
			files = (
			);
			runOnlyForDeploymentPostprocessing = 0;
		};
/* End PBXFrameworksBuildPhase section */

/* Begin PBXGroup section */
		258B028D1DD4F33C0083A01D = {
			isa = PBXGroup;
			children = (
				258B02981DD4F33C0083A01D /* how_many_fingers */,
				258B02971DD4F33C0083A01D /* Products */,
			);
			sourceTree = "<group>";
		};
		258B02971DD4F33C0083A01D /* Products */ = {
			isa = PBXGroup;
			children = (
				258B02961DD4F33C0083A01D /* how_many_fingers.app */,
			);
			name = Products;
			sourceTree = "<group>";
		};
		258B02981DD4F33C0083A01D /* how_many_fingers */ = {
			isa = PBXGroup;
			children = (
				258B02991DD4F33C0083A01D /* AppDelegate.swift */,
				258B029B1DD4F33C0083A01D /* ViewController.swift */,
				258B029D1DD4F33C0083A01D /* Main.storyboard */,
				258B02A01DD4F33C0083A01D /* Assets.xcassets */,
				258B02A21DD4F33C0083A01D /* LaunchScreen.storyboard */,
				258B02A51DD4F33C0083A01D /* Info.plist */,
			);
			path = how_many_fingers;
			sourceTree = "<group>";
		};
/* End PBXGroup section */

/* Begin PBXNativeTarget section */
		258B02951DD4F33C0083A01D /* how_many_fingers */ = {
			isa = PBXNativeTarget;
			buildConfigurationList = 258B02A81DD4F33C0083A01D /* Build configuration list for PBXNativeTarget "how_many_fingers" */;
			buildPhases = (
				258B02921DD4F33C0083A01D /* Sources */,
				258B02931DD4F33C0083A01D /* Frameworks */,
				258B02941DD4F33C0083A01D /* Resources */,
			);
			buildRules = (
			);
			dependencies = (
			);
			name = how_many_fingers;
			productName = how_many_fingers;
			productReference = 258B02961DD4F33C0083A01D /* how_many_fingers.app */;
			productType = "com.apple.product-type.application";
		};
/* End PBXNativeTarget section */

/* Begin PBXProject section */
		258B028E1DD4F33C0083A01D /* Project object */ = {
			isa = PBXProject;
			attributes = {
				LastSwiftUpdateCheck = 0810;
				LastUpgradeCheck = 0810;
				ORGANIZATIONNAME = "Aamir Shah";
				TargetAttributes = {
					258B02951DD4F33C0083A01D = {
						CreatedOnToolsVersion = 8.1;
						DevelopmentTeam = TB9UEAE33E;
						ProvisioningStyle = Automatic;
					};
				};
			};
			buildConfigurationList = 258B02911DD4F33C0083A01D /* Build configuration list for PBXProject "how_many_fingers" */;
			compatibilityVersion = "Xcode 3.2";
			developmentRegion = English;
			hasScannedForEncodings = 0;
			knownRegions = (
				en,
				Base,
			);
			mainGroup = 258B028D1DD4F33C0083A01D;
			productRefGroup = 258B02971DD4F33C0083A01D /* Products */;
			projectDirPath = "";
			projectRoot = "";
			targets = (
				258B02951DD4F33C0083A01D /* how_many_fingers */,
			);
		};
/* End PBXProject section */

/* Begin PBXResourcesBuildPhase section */
		258B02941DD4F33C0083A01D /* Resources */ = {
			isa = PBXResourcesBuildPhase;
			buildActionMask = 2147483647;
			files = (
				258B02A41DD4F33C0083A01D /* LaunchScreen.storyboard in Resources */,
				258B02A11DD4F33C0083A01D /* Assets.xcassets in Resources */,
				258B029F1DD4F33C0083A01D /* Main.storyboard in Resources */,
			);
			runOnlyForDeploymentPostprocessing = 0;
		};
/* End PBXResourcesBuildPhase section */

/* Begin PBXSourcesBuildPhase section */
		258B02921DD4F33C0083A01D /* Sources */ = {
			isa = PBXSourcesBuildPhase;
			buildActionMask = 2147483647;
			files = (
				258B029C1DD4F33C0083A01D /* ViewController.swift in Sources */,
				258B029A1DD4F33C0083A01D /* AppDelegate.swift in Sources */,
			);
			runOnlyForDeploymentPostprocessing = 0;
		};
/* End PBXSourcesBuildPhase section */

/* Begin PBXVariantGroup section */
		258B029D1DD4F33C0083A01D /* Main.storyboard */ = {
			isa = PBXVariantGroup;
			children = (
				258B029E1DD4F33C0083A01D /* Base */,
			);
			name = Main.storyboard;
			sourceTree = "<group>";
		};
		258B02A21DD4F33C0083A01D /* LaunchScreen.storyboard */ = {
			isa = PBXVariantGroup;
			children = (
				258B02A31DD4F33C0083A01D /* Base */,
			);
			name = LaunchScreen.storyboard;
			sourceTree = "<group>";
		};
/* End PBXVariantGroup section */

/* Begin XCBuildConfiguration section */
		258B02A61DD4F33C0083A01D /* Debug */ = {
			isa = XCBuildConfiguration;
			buildSettings = {
				ALWAYS_SEARCH_USER_PATHS = NO;
				CLANG_ANALYZER_NONNULL = YES;
				CLANG_CXX_LANGUAGE_STANDARD = "gnu++0x";
				CLANG_CXX_LIBRARY = "libc++";
				CLANG_ENABLE_MODULES = YES;
				CLANG_ENABLE_OBJC_ARC = YES;
				CLANG_WARN_BOOL_CONVERSION = YES;
				CLANG_WARN_CONSTANT_CONVERSION = YES;
				CLANG_WARN_DIRECT_OBJC_ISA_USAGE = YES_ERROR;
				CLANG_WARN_DOCUMENTATION_COMMENTS = YES;
				CLANG_WARN_EMPTY_BODY = YES;
				CLANG_WARN_ENUM_CONVERSION = YES;
				CLANG_WARN_INFINITE_RECURSION = YES;
				CLANG_WARN_INT_CONVERSION = YES;
				CLANG_WARN_OBJC_ROOT_CLASS = YES_ERROR;
				CLANG_WARN_SUSPICIOUS_MOVES = YES;
				CLANG_WARN_UNREACHABLE_CODE = YES;
				CLANG_WARN__DUPLICATE_METHOD_MATCH = YES;
				"CODE_SIGN_IDENTITY[sdk=iphoneos*]" = "iPhone Developer";
				COPY_PHASE_STRIP = NO;
				DEBUG_INFORMATION_FORMAT = dwarf;
				ENABLE_STRICT_OBJC_MSGSEND = YES;
				ENABLE_TESTABILITY = YES;
				GCC_C_LANGUAGE_STANDARD = gnu99;
				GCC_DYNAMIC_NO_PIC = NO;
				GCC_NO_COMMON_BLOCKS = YES;
				GCC_OPTIMIZATION_LEVEL = 0;
				GCC_PREPROCESSOR_DEFINITIONS = (
					"DEBUG=1",
					"$(inherited)",
				);
				GCC_WARN_64_TO_32_BIT_CONVERSION = YES;
				GCC_WARN_ABOUT_RETURN_TYPE = YES_ERROR;
				GCC_WARN_UNDECLARED_SELECTOR = YES;
				GCC_WARN_UNINITIALIZED_AUTOS = YES_AGGRESSIVE;
				GCC_WARN_UNUSED_FUNCTION = YES;
				GCC_WARN_UNUSED_VARIABLE = YES;
				IPHONEOS_DEPLOYMENT_TARGET = 10.1;
				MTL_ENABLE_DEBUG_INFO = YES;
				ONLY_ACTIVE_ARCH = YES;
				SDKROOT = iphoneos;
				SWIFT_ACTIVE_COMPILATION_CONDITIONS = DEBUG;
				SWIFT_OPTIMIZATION_LEVEL = "-Onone";
			};
			name = Debug;
		};
		258B02A71DD4F33C0083A01D /* Release */ = {
			isa = XCBuildConfiguration;
			buildSettings = {
				ALWAYS_SEARCH_USER_PATHS = NO;
				CLANG_ANALYZER_NONNULL = YES;
				CLANG_CXX_LANGUAGE_STANDARD = "gnu++0x";
				CLANG_CXX_LIBRARY = "libc++";
				CLANG_ENABLE_MODULES = YES;
				CLANG_ENABLE_OBJC_ARC = YES;
				CLANG_WARN_BOOL_CONVERSION = YES;
				CLANG_WARN_CONSTANT_CONVERSION = YES;
				CLANG_WARN_DIRECT_OBJC_ISA_USAGE = YES_ERROR;
				CLANG_WARN_DOCUMENTATION_COMMENTS = YES;
				CLANG_WARN_EMPTY_BODY = YES;
				CLANG_WARN_ENUM_CONVERSION = YES;
				CLANG_WARN_INFINITE_RECURSION = YES;
				CLANG_WARN_INT_CONVERSION = YES;
				CLANG_WARN_OBJC_ROOT_CLASS = YES_ERROR;
				CLANG_WARN_SUSPICIOUS_MOVES = YES;
				CLANG_WARN_UNREACHABLE_CODE = YES;
				CLANG_WARN__DUPLICATE_METHOD_MATCH = YES;
				"CODE_SIGN_IDENTITY[sdk=iphoneos*]" = "iPhone Developer";
				COPY_PHASE_STRIP = NO;
				DEBUG_INFORMATION_FORMAT = "dwarf-with-dsym";
				ENABLE_NS_ASSERTIONS = NO;
				ENABLE_STRICT_OBJC_MSGSEND = YES;
				GCC_C_LANGUAGE_STANDARD = gnu99;
				GCC_NO_COMMON_BLOCKS = YES;
				GCC_WARN_64_TO_32_BIT_CONVERSION = YES;
				GCC_WARN_ABOUT_RETURN_TYPE = YES_ERROR;
				GCC_WARN_UNDECLARED_SELECTOR = YES;
				GCC_WARN_UNINITIALIZED_AUTOS = YES_AGGRESSIVE;
				GCC_WARN_UNUSED_FUNCTION = YES;
				GCC_WARN_UNUSED_VARIABLE = YES;
				IPHONEOS_DEPLOYMENT_TARGET = 10.1;
				MTL_ENABLE_DEBUG_INFO = NO;
				SDKROOT = iphoneos;
				SWIFT_OPTIMIZATION_LEVEL = "-Owholemodule";
				VALIDATE_PRODUCT = YES;
			};
			name = Release;
		};
		258B02A91DD4F33C0083A01D /* Debug */ = {
			isa = XCBuildConfiguration;
			buildSettings = {
				ASSETCATALOG_COMPILER_APPICON_NAME = AppIcon;
				DEVELOPMENT_TEAM = TB9UEAE33E;
				INFOPLIST_FILE = how_many_fingers/Info.plist;
				LD_RUNPATH_SEARCH_PATHS = "$(inherited) @executable_path/Frameworks";
				PRODUCT_BUNDLE_IDENTIFIER = "com.shah.how-many-fingers";
				PRODUCT_NAME = "$(TARGET_NAME)";
				SWIFT_VERSION = 3.0;
			};
			name = Debug;
		};
		258B02AA1DD4F33C0083A01D /* Release */ = {
			isa = XCBuildConfiguration;
			buildSettings = {
				ASSETCATALOG_COMPILER_APPICON_NAME = AppIcon;
				DEVELOPMENT_TEAM = TB9UEAE33E;
				INFOPLIST_FILE = how_many_fingers/Info.plist;
				LD_RUNPATH_SEARCH_PATHS = "$(inherited) @executable_path/Frameworks";
				PRODUCT_BUNDLE_IDENTIFIER = "com.shah.how-many-fingers";
				PRODUCT_NAME = "$(TARGET_NAME)";
				SWIFT_VERSION = 3.0;
			};
			name = Release;
		};
/* End XCBuildConfiguration section */

/* Begin XCConfigurationList section */
		258B02911DD4F33C0083A01D /* Build configuration list for PBXProject "how_many_fingers" */ = {
			isa = XCConfigurationList;
			buildConfigurations = (
				258B02A61DD4F33C0083A01D /* Debug */,
				258B02A71DD4F33C0083A01D /* Release */,
			);
			defaultConfigurationIsVisible = 0;
			defaultConfigurationName = Release;
		};
		258B02A81DD4F33C0083A01D /* Build configuration list for PBXNativeTarget "how_many_fingers" */ = {
			isa = XCConfigurationList;
			buildConfigurations = (
				258B02A91DD4F33C0083A01D /* Debug */,
				258B02AA1DD4F33C0083A01D /* Release */,
			);
			defaultConfigurationIsVisible = 0;
		};
/* End XCConfigurationList section */
	};
	rootObject = 258B028E1DD4F33C0083A01D /* Project object */;
}
